
Microsoft Visual Studio Solution File, Format Version 12.00
# Visual Studio Version 17
VisualStudioVersion = 17.14.36603.0
MinimumVisualStudioVersion = 10.0.40219.1
Project("{FAE04EC0-301F-11D3-BF4B-00C04F79EFBC}") = "SampleDeployApp", "SampleDeployApp\SampleDeployApp.csproj", "{5D868315-99B9-4F4E-A505-C20219FE2421}"
EndProject
Project("{2150E333-8FDC-42A3-9474-1A3956D46DE8}") = "Solution Items", "Solution Items", "{8EC462FD-D22E-90A8-E5CE-7E832BA40C5D}"
	ProjectSection(SolutionItems) = preProject
		Jenkinsfile = Jenkinsfile
	EndProjectSection
EndProject
Global
	GlobalSection(SolutionConfigurationPlatforms) = preSolution
		Debug|Any CPU = Debug|Any CPU
		Release|Any CPU = Release|Any CPU
	EndGlobalSection
	GlobalSection(ProjectConfigurationPlatforms) = postSolution
		{5D868315-99B9-4F4E-A505-C20219FE2421}.Debug|Any CPU.ActiveCfg = Debug|Any CPU
		{5D868315-99B9-4F4E-A505-C20219FE2421}.Debug|Any CPU.Build.0 = Debug|Any CPU
		{5D868315-99B9-4F4E-A505-C20219FE2421}.Release|Any CPU.ActiveCfg = Release|Any CPU
		{5D868315-99B9-4F4E-A505-C20219FE2421}.Release|Any CPU.Build.0 = Release|Any CPU
	EndGlobalSection
	GlobalSection(SolutionProperties) = preSolution
		HideSolutionNode = FALSE
	EndGlobalSection
	GlobalSection(ExtensibilityGlobals) = postSolution
		SolutionGuid = {2B132E57-A0BE-4643-8CB8-825DECD5652D}
	EndGlobalSection
EndGlobal
